{
    "version": 3,
    "terraform_version": "0.9.5",
    "serial": 1,
    "lineage": "3879e460-1d0f-4c71-8362-27d72925612d",
    "modules": [
        {
            "path": [
                "root"
            ],
            "outputs": {},
            "resources": {
                "aws_eip.ip": {
                    "type": "aws_eip",
                    "depends_on": [
                        "aws_instance.hello"
                    ],
                    "primary": {
                        "id": "eipalloc-05b710e485ffa7308",
                        "attributes": {
                            "association_id": "eipassoc-07fee6598817d190e",
                            "domain": "vpc",
                            "id": "eipalloc-05b710e485ffa7308",
                            "instance": "i-06e439273cfd5d704",
                            "network_interface": "eni-019e50e9413b86176",
                            "private_ip": "172.31.16.168",
                            "public_ip": "52.39.5.3",
                            "vpc": "true"
                        },
                        "meta": {},
                        "tainted": false
                    },
                    "deposed": [],
                    "provider": ""
                },
                "aws_instance.hello": {
                    "type": "aws_instance",
                    "depends_on": [
                        "aws_s3_bucket.hello"
                    ],
                    "primary": {
                        "id": "i-06e439273cfd5d704",
                        "attributes": {
                            "ami": "ami-01e0cf6e025c036e4",
                            "associate_public_ip_address": "true",
                            "availability_zone": "us-west-2a",
                            "disable_api_termination": "false",
                            "ebs_block_device.#": "0",
                            "ebs_optimized": "false",
                            "ephemeral_block_device.#": "0",
                            "iam_instance_profile": "",
                            "id": "i-06e439273cfd5d704",
                            "instance_state": "running",
                            "instance_type": "t2.micro",
                            "ipv6_address_count": "0",
                            "ipv6_addresses.#": "0",
                            "key_name": "",
                            "monitoring": "false",
                            "network_interface.#": "0",
                            "network_interface_id": "eni-019e50e9413b86176",
                            "primary_network_interface_id": "eni-019e50e9413b86176",
                            "private_dns": "ip-172-31-16-168.us-west-2.compute.internal",
                            "private_ip": "172.31.16.168",
                            "public_dns": "ec2-54-185-237-130.us-west-2.compute.amazonaws.com",
                            "public_ip": "54.185.237.130",
                            "root_block_device.#": "1",
                            "root_block_device.0.delete_on_termination": "true",
                            "root_block_device.0.iops": "100",
                            "root_block_device.0.volume_size": "8",
                            "root_block_device.0.volume_type": "gp2",
                            "security_groups.#": "0",
                            "source_dest_check": "true",
                            "subnet_id": "subnet-0b251c72",
                            "tags.%": "0",
                            "tenancy": "default",
                            "volume_tags.%": "0",
                            "vpc_security_group_ids.#": "1",
                            "vpc_security_group_ids.3032095039": "sg-8eb1b2c5"
                        },
                        "meta": {
                            "schema_version": "1"
                        },
                        "tainted": false
                    },
                    "deposed": [],
                    "provider": ""
                },
                "aws_s3_bucket.hello": {
                    "type": "aws_s3_bucket",
                    "depends_on": [],
                    "primary": {
                        "id": "hello.jasonlue.github.io",
                        "attributes": {
                            "acceleration_status": "",
                            "acl": "private",
                            "arn": "arn:aws:s3:::hello.jasonlue.github.io",
                            "bucket": "hello.jasonlue.github.io",
                            "bucket_domain_name": "hello.jasonlue.github.io.s3.amazonaws.com",
                            "force_destroy": "false",
                            "hosted_zone_id": "Z3BJ6K6RIION7M",
                            "id": "hello.jasonlue.github.io",
                            "logging.#": "0",
                            "region": "us-west-2",
                            "request_payer": "BucketOwner",
                            "tags.%": "0",
                            "versioning.#": "1",
                            "versioning.0.enabled": "false",
                            "versioning.0.mfa_delete": "false",
                            "website.#": "0"
                        },
                        "meta": {},
                        "tainted": false
                    },
                    "deposed": [],
                    "provider": ""
                }
            },
            "depends_on": []
        }
    ]
}
